
Microsoft Visual Studio Solution File, Format Version 12.00
# Visual Studio Version 16
VisualStudioVersion = 16.0.30309.148
MinimumVisualStudioVersion = 10.0.40219.1
Project("{FAE04EC0-301F-11D3-BF4B-00C04F79EFBC}") = "PooHerrencia", "PooHerrencia.csproj", "{8B0D9AB9-B684-4D01-98FA-A4D3C38B907E}"
EndProject
Project("{FAE04EC0-301F-11D3-BF4B-00C04F79EFBC}") = "LogicadeConsola", "..\LogicadeConsola\LogicadeConsola.csproj", "{333E49BD-2A20-4180-B169-98BB70FAA206}"
EndProject
Global
	GlobalSection(SolutionConfigurationPlatforms) = preSolution
		Debug|Any CPU = Debug|Any CPU
		Release|Any CPU = Release|Any CPU
	EndGlobalSection
	GlobalSection(ProjectConfigurationPlatforms) = postSolution
		{8B0D9AB9-B684-4D01-98FA-A4D3C38B907E}.Debug|Any CPU.ActiveCfg = Debug|Any CPU
		{8B0D9AB9-B684-4D01-98FA-A4D3C38B907E}.Debug|Any CPU.Build.0 = Debug|Any CPU
		{8B0D9AB9-B684-4D01-98FA-A4D3C38B907E}.Release|Any CPU.ActiveCfg = Release|Any CPU
		{8B0D9AB9-B684-4D01-98FA-A4D3C38B907E}.Release|Any CPU.Build.0 = Release|Any CPU
		{333E49BD-2A20-4180-B169-98BB70FAA206}.Debug|Any CPU.ActiveCfg = Debug|Any CPU
		{333E49BD-2A20-4180-B169-98BB70FAA206}.Debug|Any CPU.Build.0 = Debug|Any CPU
		{333E49BD-2A20-4180-B169-98BB70FAA206}.Release|Any CPU.ActiveCfg = Release|Any CPU
		{333E49BD-2A20-4180-B169-98BB70FAA206}.Release|Any CPU.Build.0 = Release|Any CPU
	EndGlobalSection
	GlobalSection(SolutionProperties) = preSolution
		HideSolutionNode = FALSE
	EndGlobalSection
	GlobalSection(ExtensibilityGlobals) = postSolution
		SolutionGuid = {D1D872B7-48D7-4521-843D-6B42AD48A464}
	EndGlobalSection
EndGlobal
